
Microsoft Visual Studio Solution File, Format Version 12.00
# Visual Studio Version 17
VisualStudioVersion = 17.2.32630.192
MinimumVisualStudioVersion = 10.0.40219.1
Project("{FAE04EC0-301F-11D3-BF4B-00C04F79EFBC}") = "LoopUnrolling", "LoopUnrolling.csproj", "{80A160B7-F2F3-4B9F-AF6A-37DE96E2122F}"
EndProject
Global
	GlobalSection(SolutionConfigurationPlatforms) = preSolution
		Debug|Any CPU = Debug|Any CPU
		Release|Any CPU = Release|Any CPU
	EndGlobalSection
	GlobalSection(ProjectConfigurationPlatforms) = postSolution
		{80A160B7-F2F3-4B9F-AF6A-37DE96E2122F}.Debug|Any CPU.ActiveCfg = Debug|Any CPU
		{80A160B7-F2F3-4B9F-AF6A-37DE96E2122F}.Debug|Any CPU.Build.0 = Debug|Any CPU
		{80A160B7-F2F3-4B9F-AF6A-37DE96E2122F}.Release|Any CPU.ActiveCfg = Release|Any CPU
		{80A160B7-F2F3-4B9F-AF6A-37DE96E2122F}.Release|Any CPU.Build.0 = Release|Any CPU
	EndGlobalSection
	GlobalSection(SolutionProperties) = preSolution
		HideSolutionNode = FALSE
	EndGlobalSection
	GlobalSection(ExtensibilityGlobals) = postSolution
		SolutionGuid = {F615CDC9-0D73-4955-8BA9-645B764DBA78}
	EndGlobalSection
EndGlobal
