
Microsoft Visual Studio Solution File, Format Version 12.00
# Visual Studio Version 17
VisualStudioVersion = 17.2.32630.192
MinimumVisualStudioVersion = 10.0.40219.1
Project("{FAE04EC0-301F-11D3-BF4B-00C04F79EFBC}") = "BranchPrediction", "BranchPrediction.csproj", "{71F7C39A-D15A-43E1-9361-D6BF0B180D53}"
EndProject
Global
	GlobalSection(SolutionConfigurationPlatforms) = preSolution
		Debug|Any CPU = Debug|Any CPU
		Release|Any CPU = Release|Any CPU
	EndGlobalSection
	GlobalSection(ProjectConfigurationPlatforms) = postSolution
		{71F7C39A-D15A-43E1-9361-D6BF0B180D53}.Debug|Any CPU.ActiveCfg = Debug|Any CPU
		{71F7C39A-D15A-43E1-9361-D6BF0B180D53}.Debug|Any CPU.Build.0 = Debug|Any CPU
		{71F7C39A-D15A-43E1-9361-D6BF0B180D53}.Release|Any CPU.ActiveCfg = Release|Any CPU
		{71F7C39A-D15A-43E1-9361-D6BF0B180D53}.Release|Any CPU.Build.0 = Release|Any CPU
	EndGlobalSection
	GlobalSection(SolutionProperties) = preSolution
		HideSolutionNode = FALSE
	EndGlobalSection
	GlobalSection(ExtensibilityGlobals) = postSolution
		SolutionGuid = {1F2B1B12-BC2A-4F13-B677-622FADD2D2B2}
	EndGlobalSection
EndGlobal
